// !$*UTF8*$!
{
	archiveVersion = 1;
	classes = {
	};
	objectVersion = 55;
	objects = {

/* Begin PBXBuildFile section */
		D90E1F12285B4FA3005B22DE /* SignUpView.swift in Sources */ = {isa = PBXBuildFile; fileRef = D90E1F11285B4FA3005B22DE /* SignUpView.swift */; };
		D90E1F14285B53B7005B22DE /* UIViewController.swift in Sources */ = {isa = PBXBuildFile; fileRef = D90E1F13285B53B7005B22DE /* UIViewController.swift */; };
		D90E1F17285C930E005B22DE /* LocalizeableKeys.swift in Sources */ = {isa = PBXBuildFile; fileRef = D90E1F16285C930E005B22DE /* LocalizeableKeys.swift */; };
		D90E1F1C285CA51D005B22DE /* UITextField.swift in Sources */ = {isa = PBXBuildFile; fileRef = D90E1F1B285CA51D005B22DE /* UITextField.swift */; };
		D9705A07285B195000CFD194 /* UIColor.swift in Sources */ = {isa = PBXBuildFile; fileRef = D9705A06285B195000CFD194 /* UIColor.swift */; };
		D9705A09285B1C7800CFD194 /* PaddingTextField.swift in Sources */ = {isa = PBXBuildFile; fileRef = D9705A08285B1C7800CFD194 /* PaddingTextField.swift */; };
		D9705A0B285B40D000CFD194 /* SignUpViewController.swift in Sources */ = {isa = PBXBuildFile; fileRef = D9705A0A285B40D000CFD194 /* SignUpViewController.swift */; };
		D9B712C4285AF9F40087B682 /* AppDelegate.swift in Sources */ = {isa = PBXBuildFile; fileRef = D9B712C3285AF9F40087B682 /* AppDelegate.swift */; };
		D9B712C6285AF9F40087B682 /* SceneDelegate.swift in Sources */ = {isa = PBXBuildFile; fileRef = D9B712C5285AF9F40087B682 /* SceneDelegate.swift */; };
		D9B712C8285AF9F40087B682 /* SignInViewController.swift in Sources */ = {isa = PBXBuildFile; fileRef = D9B712C7285AF9F40087B682 /* SignInViewController.swift */; };
		D9B712CB285AF9F40087B682 /* Main.storyboard in Resources */ = {isa = PBXBuildFile; fileRef = D9B712C9285AF9F40087B682 /* Main.storyboard */; };
		D9B712CD285AF9F60087B682 /* Assets.xcassets in Resources */ = {isa = PBXBuildFile; fileRef = D9B712CC285AF9F60087B682 /* Assets.xcassets */; };
		D9B712D0285AF9F60087B682 /* LaunchScreen.storyboard in Resources */ = {isa = PBXBuildFile; fileRef = D9B712CE285AF9F60087B682 /* LaunchScreen.storyboard */; };
		D9E7180F285B076200020B88 /* SignInView.swift in Sources */ = {isa = PBXBuildFile; fileRef = D9E7180E285B076200020B88 /* SignInView.swift */; };
		D9E71812285B13B800020B88 /* PaddingLabel.swift in Sources */ = {isa = PBXBuildFile; fileRef = D9E71811285B13B800020B88 /* PaddingLabel.swift */; };
/* End PBXBuildFile section */

/* Begin PBXFileReference section */
		D90E1F11285B4FA3005B22DE /* SignUpView.swift */ = {isa = PBXFileReference; lastKnownFileType = sourcecode.swift; path = SignUpView.swift; sourceTree = "<group>"; };
		D90E1F13285B53B7005B22DE /* UIViewController.swift */ = {isa = PBXFileReference; lastKnownFileType = sourcecode.swift; path = UIViewController.swift; sourceTree = "<group>"; };
		D90E1F16285C930E005B22DE /* LocalizeableKeys.swift */ = {isa = PBXFileReference; lastKnownFileType = sourcecode.swift; path = LocalizeableKeys.swift; sourceTree = "<group>"; };
		D90E1F1B285CA51D005B22DE /* UITextField.swift */ = {isa = PBXFileReference; lastKnownFileType = sourcecode.swift; path = UITextField.swift; sourceTree = "<group>"; };
		D9705A06285B195000CFD194 /* UIColor.swift */ = {isa = PBXFileReference; lastKnownFileType = sourcecode.swift; path = UIColor.swift; sourceTree = "<group>"; };
		D9705A08285B1C7800CFD194 /* PaddingTextField.swift */ = {isa = PBXFileReference; lastKnownFileType = sourcecode.swift; path = PaddingTextField.swift; sourceTree = "<group>"; };
		D9705A0A285B40D000CFD194 /* SignUpViewController.swift */ = {isa = PBXFileReference; lastKnownFileType = sourcecode.swift; path = SignUpViewController.swift; sourceTree = "<group>"; };
		D9B712C0285AF9F40087B682 /* PieBiden.app */ = {isa = PBXFileReference; explicitFileType = wrapper.application; includeInIndex = 0; path = PieBiden.app; sourceTree = BUILT_PRODUCTS_DIR; };
		D9B712C3285AF9F40087B682 /* AppDelegate.swift */ = {isa = PBXFileReference; lastKnownFileType = sourcecode.swift; path = AppDelegate.swift; sourceTree = "<group>"; };
		D9B712C5285AF9F40087B682 /* SceneDelegate.swift */ = {isa = PBXFileReference; lastKnownFileType = sourcecode.swift; path = SceneDelegate.swift; sourceTree = "<group>"; };
		D9B712C7285AF9F40087B682 /* SignInViewController.swift */ = {isa = PBXFileReference; lastKnownFileType = sourcecode.swift; path = SignInViewController.swift; sourceTree = "<group>"; };
		D9B712CA285AF9F40087B682 /* Base */ = {isa = PBXFileReference; lastKnownFileType = file.storyboard; name = Base; path = Base.lproj/Main.storyboard; sourceTree = "<group>"; };
		D9B712CC285AF9F60087B682 /* Assets.xcassets */ = {isa = PBXFileReference; lastKnownFileType = folder.assetcatalog; path = Assets.xcassets; sourceTree = "<group>"; };
		D9B712CF285AF9F60087B682 /* Base */ = {isa = PBXFileReference; lastKnownFileType = file.storyboard; name = Base; path = Base.lproj/LaunchScreen.storyboard; sourceTree = "<group>"; };
		D9B712D1285AF9F60087B682 /* Info.plist */ = {isa = PBXFileReference; lastKnownFileType = text.plist.xml; path = Info.plist; sourceTree = "<group>"; };
		D9E7180E285B076200020B88 /* SignInView.swift */ = {isa = PBXFileReference; lastKnownFileType = sourcecode.swift; path = SignInView.swift; sourceTree = "<group>"; };
		D9E71811285B13B800020B88 /* PaddingLabel.swift */ = {isa = PBXFileReference; lastKnownFileType = sourcecode.swift; path = PaddingLabel.swift; sourceTree = "<group>"; };
/* End PBXFileReference section */

/* Begin PBXFrameworksBuildPhase section */
		D9B712BD285AF9F40087B682 /* Frameworks */ = {
			isa = PBXFrameworksBuildPhase;
			buildActionMask = 2147483647;
			files = (
			);
			runOnlyForDeploymentPostprocessing = 0;
		};
/* End PBXFrameworksBuildPhase section */

/* Begin PBXGroup section */
		D90E1F15285C92FB005B22DE /* Globals */ = {
			isa = PBXGroup;
			children = (
				D90E1F16285C930E005B22DE /* LocalizeableKeys.swift */,
			);
			path = Globals;
			sourceTree = "<group>";
		};
		D9705A05285B194400CFD194 /* Extensions */ = {
			isa = PBXGroup;
			children = (
				D9705A06285B195000CFD194 /* UIColor.swift */,
				D90E1F13285B53B7005B22DE /* UIViewController.swift */,
				D90E1F1B285CA51D005B22DE /* UITextField.swift */,
			);
			path = Extensions;
			sourceTree = "<group>";
		};
		D9B712B7285AF9F40087B682 = {
			isa = PBXGroup;
			children = (
				D9B712C2285AF9F40087B682 /* PieBiden */,
				D9B712C1285AF9F40087B682 /* Products */,
			);
			sourceTree = "<group>";
		};
		D9B712C1285AF9F40087B682 /* Products */ = {
			isa = PBXGroup;
			children = (
				D9B712C0285AF9F40087B682 /* PieBiden.app */,
			);
			name = Products;
			sourceTree = "<group>";
		};
		D9B712C2285AF9F40087B682 /* PieBiden */ = {
			isa = PBXGroup;
			children = (
				D90E1F15285C92FB005B22DE /* Globals */,
				D9705A05285B194400CFD194 /* Extensions */,
				D9E71810285B13A800020B88 /* DesginFiles */,
				D9E7180D285B06F600020B88 /* Views */,
				D9E7180C285B06E600020B88 /* Controllers */,
				D9B712C3285AF9F40087B682 /* AppDelegate.swift */,
				D9B712C5285AF9F40087B682 /* SceneDelegate.swift */,
				D9B712C9285AF9F40087B682 /* Main.storyboard */,
				D9B712CC285AF9F60087B682 /* Assets.xcassets */,
				D9B712CE285AF9F60087B682 /* LaunchScreen.storyboard */,
				D9B712D1285AF9F60087B682 /* Info.plist */,
			);
			path = PieBiden;
			sourceTree = "<group>";
		};
		D9E7180C285B06E600020B88 /* Controllers */ = {
			isa = PBXGroup;
			children = (
				D9B712C7285AF9F40087B682 /* SignInViewController.swift */,
				D9705A0A285B40D000CFD194 /* SignUpViewController.swift */,
			);
			path = Controllers;
			sourceTree = "<group>";
		};
		D9E7180D285B06F600020B88 /* Views */ = {
			isa = PBXGroup;
			children = (
				D9E7180E285B076200020B88 /* SignInView.swift */,
				D90E1F11285B4FA3005B22DE /* SignUpView.swift */,
			);
			path = Views;
			sourceTree = "<group>";
		};
		D9E71810285B13A800020B88 /* DesginFiles */ = {
			isa = PBXGroup;
			children = (
				D9E71811285B13B800020B88 /* PaddingLabel.swift */,
				D9705A08285B1C7800CFD194 /* PaddingTextField.swift */,
			);
			path = DesginFiles;
			sourceTree = "<group>";
		};
/* End PBXGroup section */

/* Begin PBXNativeTarget section */
		D9B712BF285AF9F40087B682 /* PieBiden */ = {
			isa = PBXNativeTarget;
			buildConfigurationList = D9B712D4285AF9F60087B682 /* Build configuration list for PBXNativeTarget "PieBiden" */;
			buildPhases = (
				D9B712BC285AF9F40087B682 /* Sources */,
				D9B712BD285AF9F40087B682 /* Frameworks */,
				D9B712BE285AF9F40087B682 /* Resources */,
			);
			buildRules = (
			);
			dependencies = (
			);
			name = PieBiden;
			productName = PieBiden;
			productReference = D9B712C0285AF9F40087B682 /* PieBiden.app */;
			productType = "com.apple.product-type.application";
		};
/* End PBXNativeTarget section */

/* Begin PBXProject section */
		D9B712B8285AF9F40087B682 /* Project object */ = {
			isa = PBXProject;
			attributes = {
				BuildIndependentTargetsInParallel = 1;
				LastSwiftUpdateCheck = 1330;
				LastUpgradeCheck = 1330;
				TargetAttributes = {
					D9B712BF285AF9F40087B682 = {
						CreatedOnToolsVersion = 13.3.1;
					};
				};
			};
			buildConfigurationList = D9B712BB285AF9F40087B682 /* Build configuration list for PBXProject "PieBiden" */;
			compatibilityVersion = "Xcode 13.0";
			developmentRegion = en;
			hasScannedForEncodings = 0;
			knownRegions = (
				en,
				Base,
			);
			mainGroup = D9B712B7285AF9F40087B682;
			productRefGroup = D9B712C1285AF9F40087B682 /* Products */;
			projectDirPath = "";
			projectRoot = "";
			targets = (
				D9B712BF285AF9F40087B682 /* PieBiden */,
			);
		};
/* End PBXProject section */

/* Begin PBXResourcesBuildPhase section */
		D9B712BE285AF9F40087B682 /* Resources */ = {
			isa = PBXResourcesBuildPhase;
			buildActionMask = 2147483647;
			files = (
				D9B712D0285AF9F60087B682 /* LaunchScreen.storyboard in Resources */,
				D9B712CD285AF9F60087B682 /* Assets.xcassets in Resources */,
				D9B712CB285AF9F40087B682 /* Main.storyboard in Resources */,
			);
			runOnlyForDeploymentPostprocessing = 0;
		};
/* End PBXResourcesBuildPhase section */

/* Begin PBXSourcesBuildPhase section */
		D9B712BC285AF9F40087B682 /* Sources */ = {
			isa = PBXSourcesBuildPhase;
			buildActionMask = 2147483647;
			files = (
				D9B712C8285AF9F40087B682 /* SignInViewController.swift in Sources */,
				D9705A07285B195000CFD194 /* UIColor.swift in Sources */,
				D9705A0B285B40D000CFD194 /* SignUpViewController.swift in Sources */,
				D9705A09285B1C7800CFD194 /* PaddingTextField.swift in Sources */,
				D90E1F14285B53B7005B22DE /* UIViewController.swift in Sources */,
				D9E71812285B13B800020B88 /* PaddingLabel.swift in Sources */,
				D9B712C4285AF9F40087B682 /* AppDelegate.swift in Sources */,
				D9E7180F285B076200020B88 /* SignInView.swift in Sources */,
				D90E1F12285B4FA3005B22DE /* SignUpView.swift in Sources */,
				D90E1F17285C930E005B22DE /* LocalizeableKeys.swift in Sources */,
				D9B712C6285AF9F40087B682 /* SceneDelegate.swift in Sources */,
				D90E1F1C285CA51D005B22DE /* UITextField.swift in Sources */,
			);
			runOnlyForDeploymentPostprocessing = 0;
		};
/* End PBXSourcesBuildPhase section */

/* Begin PBXVariantGroup section */
		D9B712C9285AF9F40087B682 /* Main.storyboard */ = {
			isa = PBXVariantGroup;
			children = (
				D9B712CA285AF9F40087B682 /* Base */,
			);
			name = Main.storyboard;
			sourceTree = "<group>";
		};
		D9B712CE285AF9F60087B682 /* LaunchScreen.storyboard */ = {
			isa = PBXVariantGroup;
			children = (
				D9B712CF285AF9F60087B682 /* Base */,
			);
			name = LaunchScreen.storyboard;
			sourceTree = "<group>";
		};
/* End PBXVariantGroup section */

/* Begin XCBuildConfiguration section */
		D9B712D2285AF9F60087B682 /* Debug */ = {
			isa = XCBuildConfiguration;
			buildSettings = {
				ALWAYS_SEARCH_USER_PATHS = NO;
				CLANG_ANALYZER_NONNULL = YES;
				CLANG_ANALYZER_NUMBER_OBJECT_CONVERSION = YES_AGGRESSIVE;
				CLANG_CXX_LANGUAGE_STANDARD = "gnu++17";
				CLANG_ENABLE_MODULES = YES;
				CLANG_ENABLE_OBJC_ARC = YES;
				CLANG_ENABLE_OBJC_WEAK = YES;
				CLANG_WARN_BLOCK_CAPTURE_AUTORELEASING = YES;
				CLANG_WARN_BOOL_CONVERSION = YES;
				CLANG_WARN_COMMA = YES;
				CLANG_WARN_CONSTANT_CONVERSION = YES;
				CLANG_WARN_DEPRECATED_OBJC_IMPLEMENTATIONS = YES;
				CLANG_WARN_DIRECT_OBJC_ISA_USAGE = YES_ERROR;
				CLANG_WARN_DOCUMENTATION_COMMENTS = YES;
				CLANG_WARN_EMPTY_BODY = YES;
				CLANG_WARN_ENUM_CONVERSION = YES;
				CLANG_WARN_INFINITE_RECURSION = YES;
				CLANG_WARN_INT_CONVERSION = YES;
				CLANG_WARN_NON_LITERAL_NULL_CONVERSION = YES;
				CLANG_WARN_OBJC_IMPLICIT_RETAIN_SELF = YES;
				CLANG_WARN_OBJC_LITERAL_CONVERSION = YES;
				CLANG_WARN_OBJC_ROOT_CLASS = YES_ERROR;
				CLANG_WARN_QUOTED_INCLUDE_IN_FRAMEWORK_HEADER = YES;
				CLANG_WARN_RANGE_LOOP_ANALYSIS = YES;
				CLANG_WARN_STRICT_PROTOTYPES = YES;
				CLANG_WARN_SUSPICIOUS_MOVE = YES;
				CLANG_WARN_UNGUARDED_AVAILABILITY = YES_AGGRESSIVE;
				CLANG_WARN_UNREACHABLE_CODE = YES;
				CLANG_WARN__DUPLICATE_METHOD_MATCH = YES;
				COPY_PHASE_STRIP = NO;
				DEBUG_INFORMATION_FORMAT = dwarf;
				ENABLE_STRICT_OBJC_MSGSEND = YES;
				ENABLE_TESTABILITY = YES;
				GCC_C_LANGUAGE_STANDARD = gnu11;
				GCC_DYNAMIC_NO_PIC = NO;
				GCC_NO_COMMON_BLOCKS = YES;
				GCC_OPTIMIZATION_LEVEL = 0;
				GCC_PREPROCESSOR_DEFINITIONS = (
					"DEBUG=1",
					"$(inherited)",
				);
				GCC_WARN_64_TO_32_BIT_CONVERSION = YES;
				GCC_WARN_ABOUT_RETURN_TYPE = YES_ERROR;
				GCC_WARN_UNDECLARED_SELECTOR = YES;
				GCC_WARN_UNINITIALIZED_AUTOS = YES_AGGRESSIVE;
				GCC_WARN_UNUSED_FUNCTION = YES;
				GCC_WARN_UNUSED_VARIABLE = YES;
				IPHONEOS_DEPLOYMENT_TARGET = 15.4;
				MTL_ENABLE_DEBUG_INFO = INCLUDE_SOURCE;
				MTL_FAST_MATH = YES;
				ONLY_ACTIVE_ARCH = YES;
				SDKROOT = iphoneos;
				SWIFT_ACTIVE_COMPILATION_CONDITIONS = DEBUG;
				SWIFT_OPTIMIZATION_LEVEL = "-Onone";
			};
			name = Debug;
		};
		D9B712D3285AF9F60087B682 /* Release */ = {
			isa = XCBuildConfiguration;
			buildSettings = {
				ALWAYS_SEARCH_USER_PATHS = NO;
				CLANG_ANALYZER_NONNULL = YES;
				CLANG_ANALYZER_NUMBER_OBJECT_CONVERSION = YES_AGGRESSIVE;
				CLANG_CXX_LANGUAGE_STANDARD = "gnu++17";
				CLANG_ENABLE_MODULES = YES;
				CLANG_ENABLE_OBJC_ARC = YES;
				CLANG_ENABLE_OBJC_WEAK = YES;
				CLANG_WARN_BLOCK_CAPTURE_AUTORELEASING = YES;
				CLANG_WARN_BOOL_CONVERSION = YES;
				CLANG_WARN_COMMA = YES;
				CLANG_WARN_CONSTANT_CONVERSION = YES;
				CLANG_WARN_DEPRECATED_OBJC_IMPLEMENTATIONS = YES;
				CLANG_WARN_DIRECT_OBJC_ISA_USAGE = YES_ERROR;
				CLANG_WARN_DOCUMENTATION_COMMENTS = YES;
				CLANG_WARN_EMPTY_BODY = YES;
				CLANG_WARN_ENUM_CONVERSION = YES;
				CLANG_WARN_INFINITE_RECURSION = YES;
				CLANG_WARN_INT_CONVERSION = YES;
				CLANG_WARN_NON_LITERAL_NULL_CONVERSION = YES;
				CLANG_WARN_OBJC_IMPLICIT_RETAIN_SELF = YES;
				CLANG_WARN_OBJC_LITERAL_CONVERSION = YES;
				CLANG_WARN_OBJC_ROOT_CLASS = YES_ERROR;
				CLANG_WARN_QUOTED_INCLUDE_IN_FRAMEWORK_HEADER = YES;
				CLANG_WARN_RANGE_LOOP_ANALYSIS = YES;
				CLANG_WARN_STRICT_PROTOTYPES = YES;
				CLANG_WARN_SUSPICIOUS_MOVE = YES;
				CLANG_WARN_UNGUARDED_AVAILABILITY = YES_AGGRESSIVE;
				CLANG_WARN_UNREACHABLE_CODE = YES;
				CLANG_WARN__DUPLICATE_METHOD_MATCH = YES;
				COPY_PHASE_STRIP = NO;
				DEBUG_INFORMATION_FORMAT = "dwarf-with-dsym";
				ENABLE_NS_ASSERTIONS = NO;
				ENABLE_STRICT_OBJC_MSGSEND = YES;
				GCC_C_LANGUAGE_STANDARD = gnu11;
				GCC_NO_COMMON_BLOCKS = YES;
				GCC_WARN_64_TO_32_BIT_CONVERSION = YES;
				GCC_WARN_ABOUT_RETURN_TYPE = YES_ERROR;
				GCC_WARN_UNDECLARED_SELECTOR = YES;
				GCC_WARN_UNINITIALIZED_AUTOS = YES_AGGRESSIVE;
				GCC_WARN_UNUSED_FUNCTION = YES;
				GCC_WARN_UNUSED_VARIABLE = YES;
				IPHONEOS_DEPLOYMENT_TARGET = 15.4;
				MTL_ENABLE_DEBUG_INFO = NO;
				MTL_FAST_MATH = YES;
				SDKROOT = iphoneos;
				SWIFT_COMPILATION_MODE = wholemodule;
				SWIFT_OPTIMIZATION_LEVEL = "-O";
				VALIDATE_PRODUCT = YES;
			};
			name = Release;
		};
		D9B712D5285AF9F60087B682 /* Debug */ = {
			isa = XCBuildConfiguration;
			buildSettings = {
				ASSETCATALOG_COMPILER_APPICON_NAME = AppIcon;
				ASSETCATALOG_COMPILER_GLOBAL_ACCENT_COLOR_NAME = AccentColor;
				CODE_SIGN_STYLE = Automatic;
				CURRENT_PROJECT_VERSION = 1;
				GENERATE_INFOPLIST_FILE = YES;
				INFOPLIST_FILE = PieBiden/Info.plist;
				INFOPLIST_KEY_UIApplicationSupportsIndirectInputEvents = YES;
				INFOPLIST_KEY_UILaunchStoryboardName = LaunchScreen;
				INFOPLIST_KEY_UIMainStoryboardFile = Main;
				INFOPLIST_KEY_UISupportedInterfaceOrientations_iPad = "UIInterfaceOrientationPortrait UIInterfaceOrientationPortraitUpsideDown UIInterfaceOrientationLandscapeLeft UIInterfaceOrientationLandscapeRight";
				INFOPLIST_KEY_UISupportedInterfaceOrientations_iPhone = "UIInterfaceOrientationPortrait UIInterfaceOrientationLandscapeLeft UIInterfaceOrientationLandscapeRight";
				LD_RUNPATH_SEARCH_PATHS = (
					"$(inherited)",
					"@executable_path/Frameworks",
				);
				MARKETING_VERSION = 1.0;
				PRODUCT_BUNDLE_IDENTIFIER = com.brainx.PieBiden;
				PRODUCT_NAME = "$(TARGET_NAME)";
				SWIFT_EMIT_LOC_STRINGS = YES;
				SWIFT_VERSION = 5.0;
				TARGETED_DEVICE_FAMILY = "1,2";
			};
			name = Debug;
		};
		D9B712D6285AF9F60087B682 /* Release */ = {
			isa = XCBuildConfiguration;
			buildSettings = {
				ASSETCATALOG_COMPILER_APPICON_NAME = AppIcon;
				ASSETCATALOG_COMPILER_GLOBAL_ACCENT_COLOR_NAME = AccentColor;
				CODE_SIGN_STYLE = Automatic;
				CURRENT_PROJECT_VERSION = 1;
				GENERATE_INFOPLIST_FILE = YES;
				INFOPLIST_FILE = PieBiden/Info.plist;
				INFOPLIST_KEY_UIApplicationSupportsIndirectInputEvents = YES;
				INFOPLIST_KEY_UILaunchStoryboardName = LaunchScreen;
				INFOPLIST_KEY_UIMainStoryboardFile = Main;
				INFOPLIST_KEY_UISupportedInterfaceOrientations_iPad = "UIInterfaceOrientationPortrait UIInterfaceOrientationPortraitUpsideDown UIInterfaceOrientationLandscapeLeft UIInterfaceOrientationLandscapeRight";
				INFOPLIST_KEY_UISupportedInterfaceOrientations_iPhone = "UIInterfaceOrientationPortrait UIInterfaceOrientationLandscapeLeft UIInterfaceOrientationLandscapeRight";
				LD_RUNPATH_SEARCH_PATHS = (
					"$(inherited)",
					"@executable_path/Frameworks",
				);
				MARKETING_VERSION = 1.0;
				PRODUCT_BUNDLE_IDENTIFIER = com.brainx.PieBiden;
				PRODUCT_NAME = "$(TARGET_NAME)";
				SWIFT_EMIT_LOC_STRINGS = YES;
				SWIFT_VERSION = 5.0;
				TARGETED_DEVICE_FAMILY = "1,2";
			};
			name = Release;
		};
/* End XCBuildConfiguration section */

/* Begin XCConfigurationList section */
		D9B712BB285AF9F40087B682 /* Build configuration list for PBXProject "PieBiden" */ = {
			isa = XCConfigurationList;
			buildConfigurations = (
				D9B712D2285AF9F60087B682 /* Debug */,
				D9B712D3285AF9F60087B682 /* Release */,
			);
			defaultConfigurationIsVisible = 0;
			defaultConfigurationName = Release;
		};
		D9B712D4285AF9F60087B682 /* Build configuration list for PBXNativeTarget "PieBiden" */ = {
			isa = XCConfigurationList;
			buildConfigurations = (
				D9B712D5285AF9F60087B682 /* Debug */,
				D9B712D6285AF9F60087B682 /* Release */,
			);
			defaultConfigurationIsVisible = 0;
			defaultConfigurationName = Release;
		};
/* End XCConfigurationList section */
	};
	rootObject = D9B712B8285AF9F40087B682 /* Project object */;
}
